
Microsoft Visual Studio Solution File, Format Version 12.00
# Visual Studio 15
VisualStudioVersion = 15.0.26430.13
MinimumVisualStudioVersion = 10.0.40219.1
Project("{FAE04EC0-301F-11D3-BF4B-00C04F79EFBC}") = "CSS.MobileApp.Timecard", "CSS.MobileApp.Timecard\CSS.MobileApp.Timecard.csproj", "{5A337B4C-213A-4AA5-BD93-7A92A1A0A4E8}"
EndProject
Project("{FAE04EC0-301F-11D3-BF4B-00C04F79EFBC}") = "CSS.TimeCard.Library", "..\CSS.TimeCard.Library\CSS.TimeCard.Library\CSS.TimeCard.Library.csproj", "{BDEB148D-896F-4E92-977D-954436AAFD05}"
EndProject
Global
	GlobalSection(SolutionConfigurationPlatforms) = preSolution
		Debug|Any CPU = Debug|Any CPU
		Release|Any CPU = Release|Any CPU
	EndGlobalSection
	GlobalSection(ProjectConfigurationPlatforms) = postSolution
		{5A337B4C-213A-4AA5-BD93-7A92A1A0A4E8}.Debug|Any CPU.ActiveCfg = Debug|Any CPU
		{5A337B4C-213A-4AA5-BD93-7A92A1A0A4E8}.Debug|Any CPU.Build.0 = Debug|Any CPU
		{5A337B4C-213A-4AA5-BD93-7A92A1A0A4E8}.Debug|Any CPU.Deploy.0 = Debug|Any CPU
		{5A337B4C-213A-4AA5-BD93-7A92A1A0A4E8}.Release|Any CPU.ActiveCfg = Release|Any CPU
		{5A337B4C-213A-4AA5-BD93-7A92A1A0A4E8}.Release|Any CPU.Build.0 = Release|Any CPU
		{5A337B4C-213A-4AA5-BD93-7A92A1A0A4E8}.Release|Any CPU.Deploy.0 = Release|Any CPU
		{BDEB148D-896F-4E92-977D-954436AAFD05}.Debug|Any CPU.ActiveCfg = Debug|Any CPU
		{BDEB148D-896F-4E92-977D-954436AAFD05}.Debug|Any CPU.Build.0 = Debug|Any CPU
		{BDEB148D-896F-4E92-977D-954436AAFD05}.Release|Any CPU.ActiveCfg = Release|Any CPU
		{BDEB148D-896F-4E92-977D-954436AAFD05}.Release|Any CPU.Build.0 = Release|Any CPU
	EndGlobalSection
	GlobalSection(SolutionProperties) = preSolution
		HideSolutionNode = FALSE
	EndGlobalSection
EndGlobal
